// !$*UTF8*$!
{
	archiveVersion = 1;
	classes = {
	};
	objectVersion = 55;
	objects = {

/* Begin PBXBuildFile section */
		F515AEED2886C17D00A8007B /* RocketRow.swift in Sources */ = {isa = PBXBuildFile; fileRef = F515AEEC2886C17D00A8007B /* RocketRow.swift */; };
		F515AEF02886C2ED00A8007B /* StringExtension.swift in Sources */ = {isa = PBXBuildFile; fileRef = F515AEEF2886C2ED00A8007B /* StringExtension.swift */; };
		F580E547287D998E00281572 /* RocketLaunchView.swift in Sources */ = {isa = PBXBuildFile; fileRef = F580E546287D998E00281572 /* RocketLaunchView.swift */; };
		F580E54B287DB1AE00281572 /* DeviceMotionHandler.swift in Sources */ = {isa = PBXBuildFile; fileRef = F580E54A287DB1AE00281572 /* DeviceMotionHandler.swift */; };
		F580E54D287EC8E500281572 /* ParametersSectionView.swift in Sources */ = {isa = PBXBuildFile; fileRef = F580E54C287EC8E500281572 /* ParametersSectionView.swift */; };
		F580E551287EC9EA00281572 /* PhotosSectionView.swift in Sources */ = {isa = PBXBuildFile; fileRef = F580E550287EC9EA00281572 /* PhotosSectionView.swift */; };
		F5D0523E2885993F00A24021 /* Localizable.strings in Resources */ = {isa = PBXBuildFile; fileRef = F5D052402885993F00A24021 /* Localizable.strings */; };
		F5DBA073287D74F3002B87D0 /* ParameterView.swift in Sources */ = {isa = PBXBuildFile; fileRef = F5DBA072287D74F2002B87D0 /* ParameterView.swift */; };
		F5DBA075287D77CB002B87D0 /* ColorExtension.swift in Sources */ = {isa = PBXBuildFile; fileRef = F5DBA074287D77CB002B87D0 /* ColorExtension.swift */; };
		F5DBA077287D7C55002B87D0 /* StageView.swift in Sources */ = {isa = PBXBuildFile; fileRef = F5DBA076287D7C55002B87D0 /* StageView.swift */; };
		F5E7C28E2887F2350097715D /* TitledSection.swift in Sources */ = {isa = PBXBuildFile; fileRef = F5E7C28D2887F2350097715D /* TitledSection.swift */; };
		F5E7C2902887FBB10097715D /* ImageExtension.swift in Sources */ = {isa = PBXBuildFile; fileRef = F5E7C28F2887FBB10097715D /* ImageExtension.swift */; };
		F5E7C2922887FDF60097715D /* StageRow.swift in Sources */ = {isa = PBXBuildFile; fileRef = F5E7C2912887FDF60097715D /* StageRow.swift */; };
		F5E7C2962888489E0097715D /* RocketsFetcher.swift in Sources */ = {isa = PBXBuildFile; fileRef = F5E7C2952888489E0097715D /* RocketsFetcher.swift */; };
		F5EF80BF287C743E0060FDC0 /* RocketApp.swift in Sources */ = {isa = PBXBuildFile; fileRef = F5EF80BE287C743E0060FDC0 /* RocketApp.swift */; };
		F5EF80C1287C743E0060FDC0 /* RocketsListView.swift in Sources */ = {isa = PBXBuildFile; fileRef = F5EF80C0287C743E0060FDC0 /* RocketsListView.swift */; };
		F5EF80C3287C74430060FDC0 /* Assets.xcassets in Resources */ = {isa = PBXBuildFile; fileRef = F5EF80C2287C74430060FDC0 /* Assets.xcassets */; };
		F5EF80C6287C74430060FDC0 /* Preview Assets.xcassets in Resources */ = {isa = PBXBuildFile; fileRef = F5EF80C5287C74430060FDC0 /* Preview Assets.xcassets */; };
		F5EF80D1287C7C950060FDC0 /* RocketsData.swift in Sources */ = {isa = PBXBuildFile; fileRef = F5EF80D0287C7C950060FDC0 /* RocketsData.swift */; };
		F5EF80D3287C7DA30060FDC0 /* RocketsManager.swift in Sources */ = {isa = PBXBuildFile; fileRef = F5EF80D2287C7DA30060FDC0 /* RocketsManager.swift */; };
		F5EF80D5287CBE430060FDC0 /* RocketDetailView.swift in Sources */ = {isa = PBXBuildFile; fileRef = F5EF80D4287CBE430060FDC0 /* RocketDetailView.swift */; };
/* End PBXBuildFile section */

/* Begin PBXFileReference section */
		F515AEEC2886C17D00A8007B /* RocketRow.swift */ = {isa = PBXFileReference; lastKnownFileType = sourcecode.swift; path = RocketRow.swift; sourceTree = "<group>"; };
		F515AEEF2886C2ED00A8007B /* StringExtension.swift */ = {isa = PBXFileReference; lastKnownFileType = sourcecode.swift; path = StringExtension.swift; sourceTree = "<group>"; };
		F580E546287D998E00281572 /* RocketLaunchView.swift */ = {isa = PBXFileReference; lastKnownFileType = sourcecode.swift; path = RocketLaunchView.swift; sourceTree = "<group>"; };
		F580E54A287DB1AE00281572 /* DeviceMotionHandler.swift */ = {isa = PBXFileReference; lastKnownFileType = sourcecode.swift; path = DeviceMotionHandler.swift; sourceTree = "<group>"; };
		F580E54C287EC8E500281572 /* ParametersSectionView.swift */ = {isa = PBXFileReference; lastKnownFileType = sourcecode.swift; path = ParametersSectionView.swift; sourceTree = "<group>"; };
		F580E550287EC9EA00281572 /* PhotosSectionView.swift */ = {isa = PBXFileReference; lastKnownFileType = sourcecode.swift; path = PhotosSectionView.swift; sourceTree = "<group>"; };
		F5D052412885999500A24021 /* cs */ = {isa = PBXFileReference; lastKnownFileType = text.plist.strings; name = cs; path = cs.lproj/Localizable.strings; sourceTree = "<group>"; };
		F5D052462885A51400A24021 /* en */ = {isa = PBXFileReference; lastKnownFileType = text.plist.strings; name = en; path = en.lproj/Localizable.strings; sourceTree = "<group>"; };
		F5DBA072287D74F2002B87D0 /* ParameterView.swift */ = {isa = PBXFileReference; lastKnownFileType = sourcecode.swift; path = ParameterView.swift; sourceTree = "<group>"; };
		F5DBA074287D77CB002B87D0 /* ColorExtension.swift */ = {isa = PBXFileReference; lastKnownFileType = sourcecode.swift; path = ColorExtension.swift; sourceTree = "<group>"; };
		F5DBA076287D7C55002B87D0 /* StageView.swift */ = {isa = PBXFileReference; lastKnownFileType = sourcecode.swift; path = StageView.swift; sourceTree = "<group>"; };
		F5E7C28D2887F2350097715D /* TitledSection.swift */ = {isa = PBXFileReference; lastKnownFileType = sourcecode.swift; path = TitledSection.swift; sourceTree = "<group>"; };
		F5E7C28F2887FBB10097715D /* ImageExtension.swift */ = {isa = PBXFileReference; lastKnownFileType = sourcecode.swift; path = ImageExtension.swift; sourceTree = "<group>"; };
		F5E7C2912887FDF60097715D /* StageRow.swift */ = {isa = PBXFileReference; lastKnownFileType = sourcecode.swift; path = StageRow.swift; sourceTree = "<group>"; };
		F5E7C2952888489E0097715D /* RocketsFetcher.swift */ = {isa = PBXFileReference; lastKnownFileType = sourcecode.swift; path = RocketsFetcher.swift; sourceTree = "<group>"; };
		F5EF80BB287C743E0060FDC0 /* Rocket.app */ = {isa = PBXFileReference; explicitFileType = wrapper.application; includeInIndex = 0; path = Rocket.app; sourceTree = BUILT_PRODUCTS_DIR; };
		F5EF80BE287C743E0060FDC0 /* RocketApp.swift */ = {isa = PBXFileReference; lastKnownFileType = sourcecode.swift; path = RocketApp.swift; sourceTree = "<group>"; };
		F5EF80C0287C743E0060FDC0 /* RocketsListView.swift */ = {isa = PBXFileReference; lastKnownFileType = sourcecode.swift; path = RocketsListView.swift; sourceTree = "<group>"; };
		F5EF80C2287C74430060FDC0 /* Assets.xcassets */ = {isa = PBXFileReference; lastKnownFileType = folder.assetcatalog; path = Assets.xcassets; sourceTree = "<group>"; };
		F5EF80C5287C74430060FDC0 /* Preview Assets.xcassets */ = {isa = PBXFileReference; lastKnownFileType = folder.assetcatalog; path = "Preview Assets.xcassets"; sourceTree = "<group>"; };
		F5EF80D0287C7C950060FDC0 /* RocketsData.swift */ = {isa = PBXFileReference; lastKnownFileType = sourcecode.swift; path = RocketsData.swift; sourceTree = "<group>"; };
		F5EF80D2287C7DA30060FDC0 /* RocketsManager.swift */ = {isa = PBXFileReference; lastKnownFileType = sourcecode.swift; path = RocketsManager.swift; sourceTree = "<group>"; };
		F5EF80D4287CBE430060FDC0 /* RocketDetailView.swift */ = {isa = PBXFileReference; lastKnownFileType = sourcecode.swift; path = RocketDetailView.swift; sourceTree = "<group>"; };
/* End PBXFileReference section */

/* Begin PBXFrameworksBuildPhase section */
		F5EF80B8287C743E0060FDC0 /* Frameworks */ = {
			isa = PBXFrameworksBuildPhase;
			buildActionMask = 2147483647;
			files = (
			);
			runOnlyForDeploymentPostprocessing = 0;
		};
/* End PBXFrameworksBuildPhase section */

/* Begin PBXGroup section */
		F515AEE92886BF9400A8007B /* Components */ = {
			isa = PBXGroup;
			children = (
				F5E7C28D2887F2350097715D /* TitledSection.swift */,
				F5DBA076287D7C55002B87D0 /* StageView.swift */,
				F5E7C2912887FDF60097715D /* StageRow.swift */,
				F580E54C287EC8E500281572 /* ParametersSectionView.swift */,
				F5DBA072287D74F2002B87D0 /* ParameterView.swift */,
				F580E550287EC9EA00281572 /* PhotosSectionView.swift */,
			);
			path = Components;
			sourceTree = "<group>";
		};
		F515AEEA2886BFB800A8007B /* LaunchRocket */ = {
			isa = PBXGroup;
			children = (
				F580E546287D998E00281572 /* RocketLaunchView.swift */,
				F580E54A287DB1AE00281572 /* DeviceMotionHandler.swift */,
			);
			path = LaunchRocket;
			sourceTree = "<group>";
		};
		F515AEEB2886C05B00A8007B /* Networking */ = {
			isa = PBXGroup;
			children = (
				F5EF80D2287C7DA30060FDC0 /* RocketsManager.swift */,
				F5E7C2952888489E0097715D /* RocketsFetcher.swift */,
				F5EF80D0287C7C950060FDC0 /* RocketsData.swift */,
			);
			path = Networking;
			sourceTree = "<group>";
		};
		F515AEEE2886C2D800A8007B /* Extensions */ = {
			isa = PBXGroup;
			children = (
				F5E7C28F2887FBB10097715D /* ImageExtension.swift */,
				F5DBA074287D77CB002B87D0 /* ColorExtension.swift */,
				F515AEEF2886C2ED00A8007B /* StringExtension.swift */,
			);
			path = Extensions;
			sourceTree = "<group>";
		};
		F580E552287ECA5500281572 /* RocketDetail */ = {
			isa = PBXGroup;
			children = (
				F5EF80D4287CBE430060FDC0 /* RocketDetailView.swift */,
				F515AEE92886BF9400A8007B /* Components */,
			);
			path = RocketDetail;
			sourceTree = "<group>";
		};
		F5D0523B2885981300A24021 /* Supporting */ = {
			isa = PBXGroup;
			children = (
				F5D052402885993F00A24021 /* Localizable.strings */,
			);
			path = Supporting;
			sourceTree = "<group>";
		};
		F5EF80B2287C743E0060FDC0 = {
			isa = PBXGroup;
			children = (
				F5EF80BD287C743E0060FDC0 /* Rocket */,
				F5EF80BC287C743E0060FDC0 /* Products */,
			);
			sourceTree = "<group>";
		};
		F5EF80BC287C743E0060FDC0 /* Products */ = {
			isa = PBXGroup;
			children = (
				F5EF80BB287C743E0060FDC0 /* Rocket.app */,
			);
			name = Products;
			sourceTree = "<group>";
		};
		F5EF80BD287C743E0060FDC0 /* Rocket */ = {
			isa = PBXGroup;
			children = (
				F5EF80BE287C743E0060FDC0 /* RocketApp.swift */,
				F5EF80CC287C7C220060FDC0 /* RocketsList */,
				F580E552287ECA5500281572 /* RocketDetail */,
				F515AEEA2886BFB800A8007B /* LaunchRocket */,
				F515AEEB2886C05B00A8007B /* Networking */,
				F5D0523B2885981300A24021 /* Supporting */,
				F515AEEE2886C2D800A8007B /* Extensions */,
				F5EF80C2287C74430060FDC0 /* Assets.xcassets */,
				F5EF80C4287C74430060FDC0 /* Preview Content */,
			);
			path = Rocket;
			sourceTree = "<group>";
		};
		F5EF80C4287C74430060FDC0 /* Preview Content */ = {
			isa = PBXGroup;
			children = (
				F5EF80C5287C74430060FDC0 /* Preview Assets.xcassets */,
			);
			path = "Preview Content";
			sourceTree = "<group>";
		};
		F5EF80CC287C7C220060FDC0 /* RocketsList */ = {
			isa = PBXGroup;
			children = (
				F5EF80C0287C743E0060FDC0 /* RocketsListView.swift */,
				F515AEEC2886C17D00A8007B /* RocketRow.swift */,
			);
			path = RocketsList;
			sourceTree = "<group>";
		};
/* End PBXGroup section */

/* Begin PBXNativeTarget section */
		F5EF80BA287C743E0060FDC0 /* Rocket */ = {
			isa = PBXNativeTarget;
			buildConfigurationList = F5EF80C9287C74430060FDC0 /* Build configuration list for PBXNativeTarget "Rocket" */;
			buildPhases = (
				F5EF80B7287C743E0060FDC0 /* Sources */,
				F5EF80B8287C743E0060FDC0 /* Frameworks */,
				F5EF80B9287C743E0060FDC0 /* Resources */,
			);
			buildRules = (
			);
			dependencies = (
			);
			name = Rocket;
			productName = Rocket;
			productReference = F5EF80BB287C743E0060FDC0 /* Rocket.app */;
			productType = "com.apple.product-type.application";
		};
/* End PBXNativeTarget section */

/* Begin PBXProject section */
		F5EF80B3287C743E0060FDC0 /* Project object */ = {
			isa = PBXProject;
			attributes = {
				BuildIndependentTargetsInParallel = 1;
				LastSwiftUpdateCheck = 1340;
				LastUpgradeCheck = 1340;
				TargetAttributes = {
					F5EF80BA287C743E0060FDC0 = {
						CreatedOnToolsVersion = 13.4.1;
					};
				};
			};
			buildConfigurationList = F5EF80B6287C743E0060FDC0 /* Build configuration list for PBXProject "Rocket" */;
			compatibilityVersion = "Xcode 13.0";
			developmentRegion = en;
			hasScannedForEncodings = 0;
			knownRegions = (
				en,
				Base,
				cs,
			);
			mainGroup = F5EF80B2287C743E0060FDC0;
			productRefGroup = F5EF80BC287C743E0060FDC0 /* Products */;
			projectDirPath = "";
			projectRoot = "";
			targets = (
				F5EF80BA287C743E0060FDC0 /* Rocket */,
			);
		};
/* End PBXProject section */

/* Begin PBXResourcesBuildPhase section */
		F5EF80B9287C743E0060FDC0 /* Resources */ = {
			isa = PBXResourcesBuildPhase;
			buildActionMask = 2147483647;
			files = (
				F5EF80C6287C74430060FDC0 /* Preview Assets.xcassets in Resources */,
				F5D0523E2885993F00A24021 /* Localizable.strings in Resources */,
				F5EF80C3287C74430060FDC0 /* Assets.xcassets in Resources */,
			);
			runOnlyForDeploymentPostprocessing = 0;
		};
/* End PBXResourcesBuildPhase section */

/* Begin PBXSourcesBuildPhase section */
		F5EF80B7287C743E0060FDC0 /* Sources */ = {
			isa = PBXSourcesBuildPhase;
			buildActionMask = 2147483647;
			files = (
				F5EF80D1287C7C950060FDC0 /* RocketsData.swift in Sources */,
				F5DBA077287D7C55002B87D0 /* StageView.swift in Sources */,
				F580E551287EC9EA00281572 /* PhotosSectionView.swift in Sources */,
				F5EF80D3287C7DA30060FDC0 /* RocketsManager.swift in Sources */,
				F580E547287D998E00281572 /* RocketLaunchView.swift in Sources */,
				F580E54B287DB1AE00281572 /* DeviceMotionHandler.swift in Sources */,
				F5EF80D5287CBE430060FDC0 /* RocketDetailView.swift in Sources */,
				F5DBA075287D77CB002B87D0 /* ColorExtension.swift in Sources */,
				F5EF80C1287C743E0060FDC0 /* RocketsListView.swift in Sources */,
				F5E7C2902887FBB10097715D /* ImageExtension.swift in Sources */,
				F5DBA073287D74F3002B87D0 /* ParameterView.swift in Sources */,
				F5E7C28E2887F2350097715D /* TitledSection.swift in Sources */,
				F515AEF02886C2ED00A8007B /* StringExtension.swift in Sources */,
				F5EF80BF287C743E0060FDC0 /* RocketApp.swift in Sources */,
				F5E7C2922887FDF60097715D /* StageRow.swift in Sources */,
				F580E54D287EC8E500281572 /* ParametersSectionView.swift in Sources */,
				F515AEED2886C17D00A8007B /* RocketRow.swift in Sources */,
				F5E7C2962888489E0097715D /* RocketsFetcher.swift in Sources */,
			);
			runOnlyForDeploymentPostprocessing = 0;
		};
/* End PBXSourcesBuildPhase section */

/* Begin PBXVariantGroup section */
		F5D052402885993F00A24021 /* Localizable.strings */ = {
			isa = PBXVariantGroup;
			children = (
				F5D052412885999500A24021 /* cs */,
				F5D052462885A51400A24021 /* en */,
			);
			name = Localizable.strings;
			sourceTree = "<group>";
		};
/* End PBXVariantGroup section */

/* Begin XCBuildConfiguration section */
		F5EF80C7287C74430060FDC0 /* Debug */ = {
			isa = XCBuildConfiguration;
			buildSettings = {
				ALWAYS_SEARCH_USER_PATHS = NO;
				CLANG_ANALYZER_LOCALIZABILITY_NONLOCALIZED = YES;
				CLANG_ANALYZER_NONNULL = YES;
				CLANG_ANALYZER_NUMBER_OBJECT_CONVERSION = YES_AGGRESSIVE;
				CLANG_CXX_LANGUAGE_STANDARD = "gnu++17";
				CLANG_ENABLE_MODULES = YES;
				CLANG_ENABLE_OBJC_ARC = YES;
				CLANG_ENABLE_OBJC_WEAK = YES;
				CLANG_WARN_BLOCK_CAPTURE_AUTORELEASING = YES;
				CLANG_WARN_BOOL_CONVERSION = YES;
				CLANG_WARN_COMMA = YES;
				CLANG_WARN_CONSTANT_CONVERSION = YES;
				CLANG_WARN_DEPRECATED_OBJC_IMPLEMENTATIONS = YES;
				CLANG_WARN_DIRECT_OBJC_ISA_USAGE = YES_ERROR;
				CLANG_WARN_DOCUMENTATION_COMMENTS = YES;
				CLANG_WARN_EMPTY_BODY = YES;
				CLANG_WARN_ENUM_CONVERSION = YES;
				CLANG_WARN_INFINITE_RECURSION = YES;
				CLANG_WARN_INT_CONVERSION = YES;
				CLANG_WARN_NON_LITERAL_NULL_CONVERSION = YES;
				CLANG_WARN_OBJC_IMPLICIT_RETAIN_SELF = YES;
				CLANG_WARN_OBJC_LITERAL_CONVERSION = YES;
				CLANG_WARN_OBJC_ROOT_CLASS = YES_ERROR;
				CLANG_WARN_QUOTED_INCLUDE_IN_FRAMEWORK_HEADER = YES;
				CLANG_WARN_RANGE_LOOP_ANALYSIS = YES;
				CLANG_WARN_STRICT_PROTOTYPES = YES;
				CLANG_WARN_SUSPICIOUS_MOVE = YES;
				CLANG_WARN_UNGUARDED_AVAILABILITY = YES_AGGRESSIVE;
				CLANG_WARN_UNREACHABLE_CODE = YES;
				CLANG_WARN__DUPLICATE_METHOD_MATCH = YES;
				COPY_PHASE_STRIP = NO;
				DEBUG_INFORMATION_FORMAT = dwarf;
				ENABLE_STRICT_OBJC_MSGSEND = YES;
				ENABLE_TESTABILITY = YES;
				GCC_C_LANGUAGE_STANDARD = gnu11;
				GCC_DYNAMIC_NO_PIC = NO;
				GCC_NO_COMMON_BLOCKS = YES;
				GCC_OPTIMIZATION_LEVEL = 0;
				GCC_PREPROCESSOR_DEFINITIONS = (
					"DEBUG=1",
					"$(inherited)",
				);
				GCC_WARN_64_TO_32_BIT_CONVERSION = YES;
				GCC_WARN_ABOUT_RETURN_TYPE = YES_ERROR;
				GCC_WARN_UNDECLARED_SELECTOR = YES;
				GCC_WARN_UNINITIALIZED_AUTOS = YES_AGGRESSIVE;
				GCC_WARN_UNUSED_FUNCTION = YES;
				GCC_WARN_UNUSED_VARIABLE = YES;
				IPHONEOS_DEPLOYMENT_TARGET = 15.5;
				MTL_ENABLE_DEBUG_INFO = INCLUDE_SOURCE;
				MTL_FAST_MATH = YES;
				ONLY_ACTIVE_ARCH = YES;
				SDKROOT = iphoneos;
				SWIFT_ACTIVE_COMPILATION_CONDITIONS = DEBUG;
				SWIFT_OPTIMIZATION_LEVEL = "-Onone";
			};
			name = Debug;
		};
		F5EF80C8287C74430060FDC0 /* Release */ = {
			isa = XCBuildConfiguration;
			buildSettings = {
				ALWAYS_SEARCH_USER_PATHS = NO;
				CLANG_ANALYZER_LOCALIZABILITY_NONLOCALIZED = YES;
				CLANG_ANALYZER_NONNULL = YES;
				CLANG_ANALYZER_NUMBER_OBJECT_CONVERSION = YES_AGGRESSIVE;
				CLANG_CXX_LANGUAGE_STANDARD = "gnu++17";
				CLANG_ENABLE_MODULES = YES;
				CLANG_ENABLE_OBJC_ARC = YES;
				CLANG_ENABLE_OBJC_WEAK = YES;
				CLANG_WARN_BLOCK_CAPTURE_AUTORELEASING = YES;
				CLANG_WARN_BOOL_CONVERSION = YES;
				CLANG_WARN_COMMA = YES;
				CLANG_WARN_CONSTANT_CONVERSION = YES;
				CLANG_WARN_DEPRECATED_OBJC_IMPLEMENTATIONS = YES;
				CLANG_WARN_DIRECT_OBJC_ISA_USAGE = YES_ERROR;
				CLANG_WARN_DOCUMENTATION_COMMENTS = YES;
				CLANG_WARN_EMPTY_BODY = YES;
				CLANG_WARN_ENUM_CONVERSION = YES;
				CLANG_WARN_INFINITE_RECURSION = YES;
				CLANG_WARN_INT_CONVERSION = YES;
				CLANG_WARN_NON_LITERAL_NULL_CONVERSION = YES;
				CLANG_WARN_OBJC_IMPLICIT_RETAIN_SELF = YES;
				CLANG_WARN_OBJC_LITERAL_CONVERSION = YES;
				CLANG_WARN_OBJC_ROOT_CLASS = YES_ERROR;
				CLANG_WARN_QUOTED_INCLUDE_IN_FRAMEWORK_HEADER = YES;
				CLANG_WARN_RANGE_LOOP_ANALYSIS = YES;
				CLANG_WARN_STRICT_PROTOTYPES = YES;
				CLANG_WARN_SUSPICIOUS_MOVE = YES;
				CLANG_WARN_UNGUARDED_AVAILABILITY = YES_AGGRESSIVE;
				CLANG_WARN_UNREACHABLE_CODE = YES;
				CLANG_WARN__DUPLICATE_METHOD_MATCH = YES;
				COPY_PHASE_STRIP = NO;
				DEBUG_INFORMATION_FORMAT = "dwarf-with-dsym";
				ENABLE_NS_ASSERTIONS = NO;
				ENABLE_STRICT_OBJC_MSGSEND = YES;
				GCC_C_LANGUAGE_STANDARD = gnu11;
				GCC_NO_COMMON_BLOCKS = YES;
				GCC_WARN_64_TO_32_BIT_CONVERSION = YES;
				GCC_WARN_ABOUT_RETURN_TYPE = YES_ERROR;
				GCC_WARN_UNDECLARED_SELECTOR = YES;
				GCC_WARN_UNINITIALIZED_AUTOS = YES_AGGRESSIVE;
				GCC_WARN_UNUSED_FUNCTION = YES;
				GCC_WARN_UNUSED_VARIABLE = YES;
				IPHONEOS_DEPLOYMENT_TARGET = 15.5;
				MTL_ENABLE_DEBUG_INFO = NO;
				MTL_FAST_MATH = YES;
				SDKROOT = iphoneos;
				SWIFT_COMPILATION_MODE = wholemodule;
				SWIFT_OPTIMIZATION_LEVEL = "-O";
				VALIDATE_PRODUCT = YES;
			};
			name = Release;
		};
		F5EF80CA287C74430060FDC0 /* Debug */ = {
			isa = XCBuildConfiguration;
			buildSettings = {
				ASSETCATALOG_COMPILER_APPICON_NAME = AppIcon;
				ASSETCATALOG_COMPILER_GLOBAL_ACCENT_COLOR_NAME = AccentColor;
				CODE_SIGN_STYLE = Automatic;
				CURRENT_PROJECT_VERSION = 1;
				DEVELOPMENT_ASSET_PATHS = "\"Rocket/Preview Content\"";
				DEVELOPMENT_TEAM = GC7V5KWM2Y;
				ENABLE_PREVIEWS = YES;
				GENERATE_INFOPLIST_FILE = YES;
				INFOPLIST_KEY_UIApplicationSceneManifest_Generation = YES;
				INFOPLIST_KEY_UIApplicationSupportsIndirectInputEvents = YES;
				INFOPLIST_KEY_UILaunchScreen_Generation = YES;
				INFOPLIST_KEY_UISupportedInterfaceOrientations_iPad = "UIInterfaceOrientationPortrait UIInterfaceOrientationPortraitUpsideDown UIInterfaceOrientationLandscapeLeft UIInterfaceOrientationLandscapeRight";
				INFOPLIST_KEY_UISupportedInterfaceOrientations_iPhone = "UIInterfaceOrientationPortrait UIInterfaceOrientationLandscapeLeft UIInterfaceOrientationLandscapeRight";
				LD_RUNPATH_SEARCH_PATHS = (
					"$(inherited)",
					"@executable_path/Frameworks",
				);
				MARKETING_VERSION = 1.0;
				PRODUCT_BUNDLE_IDENTIFIER = com.adelamarko.Rocket;
				PRODUCT_NAME = "$(TARGET_NAME)";
				SWIFT_EMIT_LOC_STRINGS = YES;
				SWIFT_VERSION = 5.0;
				TARGETED_DEVICE_FAMILY = "1,2";
			};
			name = Debug;
		};
		F5EF80CB287C74430060FDC0 /* Release */ = {
			isa = XCBuildConfiguration;
			buildSettings = {
				ASSETCATALOG_COMPILER_APPICON_NAME = AppIcon;
				ASSETCATALOG_COMPILER_GLOBAL_ACCENT_COLOR_NAME = AccentColor;
				CODE_SIGN_STYLE = Automatic;
				CURRENT_PROJECT_VERSION = 1;
				DEVELOPMENT_ASSET_PATHS = "\"Rocket/Preview Content\"";
				DEVELOPMENT_TEAM = GC7V5KWM2Y;
				ENABLE_PREVIEWS = YES;
				GENERATE_INFOPLIST_FILE = YES;
				INFOPLIST_KEY_UIApplicationSceneManifest_Generation = YES;
				INFOPLIST_KEY_UIApplicationSupportsIndirectInputEvents = YES;
				INFOPLIST_KEY_UILaunchScreen_Generation = YES;
				INFOPLIST_KEY_UISupportedInterfaceOrientations_iPad = "UIInterfaceOrientationPortrait UIInterfaceOrientationPortraitUpsideDown UIInterfaceOrientationLandscapeLeft UIInterfaceOrientationLandscapeRight";
				INFOPLIST_KEY_UISupportedInterfaceOrientations_iPhone = "UIInterfaceOrientationPortrait UIInterfaceOrientationLandscapeLeft UIInterfaceOrientationLandscapeRight";
				LD_RUNPATH_SEARCH_PATHS = (
					"$(inherited)",
					"@executable_path/Frameworks",
				);
				MARKETING_VERSION = 1.0;
				PRODUCT_BUNDLE_IDENTIFIER = com.adelamarko.Rocket;
				PRODUCT_NAME = "$(TARGET_NAME)";
				SWIFT_EMIT_LOC_STRINGS = YES;
				SWIFT_VERSION = 5.0;
				TARGETED_DEVICE_FAMILY = "1,2";
			};
			name = Release;
		};
/* End XCBuildConfiguration section */

/* Begin XCConfigurationList section */
		F5EF80B6287C743E0060FDC0 /* Build configuration list for PBXProject "Rocket" */ = {
			isa = XCConfigurationList;
			buildConfigurations = (
				F5EF80C7287C74430060FDC0 /* Debug */,
				F5EF80C8287C74430060FDC0 /* Release */,
			);
			defaultConfigurationIsVisible = 0;
			defaultConfigurationName = Release;
		};
		F5EF80C9287C74430060FDC0 /* Build configuration list for PBXNativeTarget "Rocket" */ = {
			isa = XCConfigurationList;
			buildConfigurations = (
				F5EF80CA287C74430060FDC0 /* Debug */,
				F5EF80CB287C74430060FDC0 /* Release */,
			);
			defaultConfigurationIsVisible = 0;
			defaultConfigurationName = Release;
		};
/* End XCConfigurationList section */
	};
	rootObject = F5EF80B3287C743E0060FDC0 /* Project object */;
}
